
Microsoft Visual Studio Solution File, Format Version 12.00
# Visual Studio Version 17
VisualStudioVersion = 17.4.33122.133
MinimumVisualStudioVersion = 10.0.40219.1
Project("{FAE04EC0-301F-11D3-BF4B-00C04F79EFBC}") = "ConsoleApp1", "ConsoleApp1\ConsoleApp1.csproj", "{687A534A-2896-47C7-98B2-BE8ACC45B109}"
EndProject
Global
	GlobalSection(SolutionConfigurationPlatforms) = preSolution
		Debug|Any CPU = Debug|Any CPU
		Release|Any CPU = Release|Any CPU
	EndGlobalSection
	GlobalSection(ProjectConfigurationPlatforms) = postSolution
		{687A534A-2896-47C7-98B2-BE8ACC45B109}.Debug|Any CPU.ActiveCfg = Debug|Any CPU
		{687A534A-2896-47C7-98B2-BE8ACC45B109}.Debug|Any CPU.Build.0 = Debug|Any CPU
		{687A534A-2896-47C7-98B2-BE8ACC45B109}.Release|Any CPU.ActiveCfg = Release|Any CPU
		{687A534A-2896-47C7-98B2-BE8ACC45B109}.Release|Any CPU.Build.0 = Release|Any CPU
	EndGlobalSection
	GlobalSection(SolutionProperties) = preSolution
		HideSolutionNode = FALSE
	EndGlobalSection
	GlobalSection(ExtensibilityGlobals) = postSolution
		SolutionGuid = {12FADF75-331D-44EA-B3B7-669D6E109F7C}
	EndGlobalSection
EndGlobal
